
Microsoft Visual Studio Solution File, Format Version 12.00
# Visual Studio Version 17
VisualStudioVersion = 17.1.32328.378
MinimumVisualStudioVersion = 10.0.40219.1
Project("{FAE04EC0-301F-11D3-BF4B-00C04F79EFBC}") = "AgriShop", "AgriShop.csproj", "{6C82CC64-E1E2-400A-8A90-CC9D76B108AB}"
EndProject
Global
	GlobalSection(SolutionConfigurationPlatforms) = preSolution
		Debug|Any CPU = Debug|Any CPU
		Release|Any CPU = Release|Any CPU
	EndGlobalSection
	GlobalSection(ProjectConfigurationPlatforms) = postSolution
		{6C82CC64-E1E2-400A-8A90-CC9D76B108AB}.Debug|Any CPU.ActiveCfg = Debug|Any CPU
		{6C82CC64-E1E2-400A-8A90-CC9D76B108AB}.Debug|Any CPU.Build.0 = Debug|Any CPU
		{6C82CC64-E1E2-400A-8A90-CC9D76B108AB}.Release|Any CPU.ActiveCfg = Release|Any CPU
		{6C82CC64-E1E2-400A-8A90-CC9D76B108AB}.Release|Any CPU.Build.0 = Release|Any CPU
	EndGlobalSection
	GlobalSection(SolutionProperties) = preSolution
		HideSolutionNode = FALSE
	EndGlobalSection
	GlobalSection(ExtensibilityGlobals) = postSolution
		SolutionGuid = {B297B70E-9231-4A0B-A340-388602AC2C05}
	EndGlobalSection
EndGlobal
